
Microsoft Visual Studio Solution File, Format Version 12.00
# Visual Studio Version 16
VisualStudioVersion = 16.0.30204.135
MinimumVisualStudioVersion = 10.0.40219.1
Project("{FAE04EC0-301F-11D3-BF4B-00C04F79EFBC}") = "NetCore3WebApp", "NetCore3WebApp\NetCore3WebApp.csproj", "{B2A6F5C4-8B15-4F78-946D-695795894C5B}"
EndProject
Global
	GlobalSection(SolutionConfigurationPlatforms) = preSolution
		Debug|Any CPU = Debug|Any CPU
		Release|Any CPU = Release|Any CPU
	EndGlobalSection
	GlobalSection(ProjectConfigurationPlatforms) = postSolution
		{B2A6F5C4-8B15-4F78-946D-695795894C5B}.Debug|Any CPU.ActiveCfg = Debug|Any CPU
		{B2A6F5C4-8B15-4F78-946D-695795894C5B}.Debug|Any CPU.Build.0 = Debug|Any CPU
		{B2A6F5C4-8B15-4F78-946D-695795894C5B}.Release|Any CPU.ActiveCfg = Release|Any CPU
		{B2A6F5C4-8B15-4F78-946D-695795894C5B}.Release|Any CPU.Build.0 = Release|Any CPU
	EndGlobalSection
	GlobalSection(SolutionProperties) = preSolution
		HideSolutionNode = FALSE
	EndGlobalSection
	GlobalSection(ExtensibilityGlobals) = postSolution
		SolutionGuid = {6F2602C9-81A2-40B9-A6C8-BF74CA49F7AF}
	EndGlobalSection
EndGlobal
